
Microsoft Visual Studio Solution File, Format Version 12.00
# Visual Studio Version 17
VisualStudioVersion = 17.9.34728.123
MinimumVisualStudioVersion = 10.0.40219.1
Project("{FAE04EC0-301F-11D3-BF4B-00C04F79EFBC}") = "VirtualJournal", "VirtualJournal.csproj", "{CA49D716-E813-41C9-9ACF-B167AE10D561}"
EndProject
Global
	GlobalSection(SolutionConfigurationPlatforms) = preSolution
		Debug|Any CPU = Debug|Any CPU
		Release|Any CPU = Release|Any CPU
	EndGlobalSection
	GlobalSection(ProjectConfigurationPlatforms) = postSolution
		{CA49D716-E813-41C9-9ACF-B167AE10D561}.Debug|Any CPU.ActiveCfg = Debug|Any CPU
		{CA49D716-E813-41C9-9ACF-B167AE10D561}.Debug|Any CPU.Build.0 = Debug|Any CPU
		{CA49D716-E813-41C9-9ACF-B167AE10D561}.Release|Any CPU.ActiveCfg = Release|Any CPU
		{CA49D716-E813-41C9-9ACF-B167AE10D561}.Release|Any CPU.Build.0 = Release|Any CPU
	EndGlobalSection
	GlobalSection(SolutionProperties) = preSolution
		HideSolutionNode = FALSE
	EndGlobalSection
	GlobalSection(ExtensibilityGlobals) = postSolution
		SolutionGuid = {D514439D-F57B-468F-A380-271EAA75F2A9}
	EndGlobalSection
EndGlobal
